// !$*UTF8*$!
{
	archiveVersion = 1;
	classes = {
	};
	objectVersion = 46;
	objects = {

/* Begin PBXBuildFile section */
		965F57681B60F12300C8360B /* LaunchScreen.xib in Resources */ = {isa = PBXBuildFile; fileRef = 965F57641B60F12300C8360B /* LaunchScreen.xib */; };
		965F57691B60F12300C8360B /* Main.storyboard in Resources */ = {isa = PBXBuildFile; fileRef = 965F57661B60F12300C8360B /* Main.storyboard */; };
		96A041E21B623518006A552E /* SLMath.swift in Sources */ = {isa = PBXBuildFile; fileRef = 96A041D71B623518006A552E /* SLMath.swift */; };
		96A041E31B623518006A552E /* SLMetronome.swift in Sources */ = {isa = PBXBuildFile; fileRef = 96A041D81B623518006A552E /* SLMetronome.swift */; };
		96A041E41B623518006A552E /* SLPatternManager.swift in Sources */ = {isa = PBXBuildFile; fileRef = 96A041D91B623518006A552E /* SLPatternManager.swift */; };
		96A041E51B623518006A552E /* SLSampleManager.swift in Sources */ = {isa = PBXBuildFile; fileRef = 96A041DA1B623518006A552E /* SLSampleManager.swift */; };
		96A041E61B623518006A552E /* SLTickDiffuser.swift in Sources */ = {isa = PBXBuildFile; fileRef = 96A041DB1B623518006A552E /* SLTickDiffuser.swift */; };
		96A041E71B623518006A552E /* SLTicker.swift in Sources */ = {isa = PBXBuildFile; fileRef = 96A041DC1B623518006A552E /* SLTicker.swift */; };
		96A041E81B623518006A552E /* SLSamplePlayer.swift in Sources */ = {isa = PBXBuildFile; fileRef = 96A041DD1B623518006A552E /* SLSamplePlayer.swift */; };
		96A041E91B623518006A552E /* SLStateChangeListener.swift in Sources */ = {isa = PBXBuildFile; fileRef = 96A041DE1B623518006A552E /* SLStateChangeListener.swift */; };
		96A041EA1B623518006A552E /* SLStateChanger.swift in Sources */ = {isa = PBXBuildFile; fileRef = 96A041DF1B623518006A552E /* SLStateChanger.swift */; };
		96A041EB1B623518006A552E /* SLTickReceiver.swift in Sources */ = {isa = PBXBuildFile; fileRef = 96A041E01B623518006A552E /* SLTickReceiver.swift */; };
		96A041EC1B623518006A552E /* SLPattern.swift in Sources */ = {isa = PBXBuildFile; fileRef = 96A041E11B623518006A552E /* SLPattern.swift */; };
		96E4680B1B60DE03005E126E /* ALAudioPlayer.m in Sources */ = {isa = PBXBuildFile; fileRef = 96E467F91B60DE03005E126E /* ALAudioPlayer.m */; };
		96E4680C1B60DE03005E126E /* AppDelegate.swift in Sources */ = {isa = PBXBuildFile; fileRef = 96E467FA1B60DE03005E126E /* AppDelegate.swift */; };
		96E4680E1B60DE03005E126E /* clav.caf in Resources */ = {isa = PBXBuildFile; fileRef = 96E467FD1B60DE03005E126E /* clav.caf */; };
		96E4680F1B60DE03005E126E /* cowbell.caf in Resources */ = {isa = PBXBuildFile; fileRef = 96E467FE1B60DE03005E126E /* cowbell.caf */; };
		96E468101B60DE03005E126E /* hat_closed.caf in Resources */ = {isa = PBXBuildFile; fileRef = 96E467FF1B60DE03005E126E /* hat_closed.caf */; };
		96E468111B60DE03005E126E /* hat_open.caf in Resources */ = {isa = PBXBuildFile; fileRef = 96E468001B60DE03005E126E /* hat_open.caf */; };
		96E468121B60DE03005E126E /* Images.xcassets in Resources */ = {isa = PBXBuildFile; fileRef = 96E468011B60DE03005E126E /* Images.xcassets */; };
		96E468141B60DE03005E126E /* kick.caf in Resources */ = {isa = PBXBuildFile; fileRef = 96E468031B60DE03005E126E /* kick.caf */; };
		96E468151B60DE03005E126E /* SLCheckBox.swift in Sources */ = {isa = PBXBuildFile; fileRef = 96E468041B60DE03005E126E /* SLCheckBox.swift */; };
		96E468161B60DE03005E126E /* SLSequenceTrain.swift in Sources */ = {isa = PBXBuildFile; fileRef = 96E468051B60DE03005E126E /* SLSequenceTrain.swift */; };
		96E468171B60DE03005E126E /* SLSequenceTrain.xib in Resources */ = {isa = PBXBuildFile; fileRef = 96E468061B60DE03005E126E /* SLSequenceTrain.xib */; };
		96E468181B60DE03005E126E /* snare.caf in Resources */ = {isa = PBXBuildFile; fileRef = 96E468071B60DE03005E126E /* snare.caf */; };
		96E468191B60DE03005E126E /* tom_hi.caf in Resources */ = {isa = PBXBuildFile; fileRef = 96E468081B60DE03005E126E /* tom_hi.caf */; };
		96E4681A1B60DE03005E126E /* tom_low.caf in Resources */ = {isa = PBXBuildFile; fileRef = 96E468091B60DE03005E126E /* tom_low.caf */; };
		96E4681B1B60DE03005E126E /* ViewController.swift in Sources */ = {isa = PBXBuildFile; fileRef = 96E4680A1B60DE03005E126E /* ViewController.swift */; };
		96E83D0A1AEA855500C886CD /* OpenAL.framework in Frameworks */ = {isa = PBXBuildFile; fileRef = 96E83D091AEA855500C886CD /* OpenAL.framework */; };
		96E83D0C1AEA855C00C886CD /* AudioToolbox.framework in Frameworks */ = {isa = PBXBuildFile; fileRef = 96E83D0B1AEA855C00C886CD /* AudioToolbox.framework */; };
/* End PBXBuildFile section */

/* Begin PBXCopyFilesBuildPhase section */
		960AD2CB1B60D60700F01451 /* Embed Frameworks */ = {
			isa = PBXCopyFilesBuildPhase;
			buildActionMask = 2147483647;
			dstPath = "";
			dstSubfolderSpec = 10;
			files = (
			);
			name = "Embed Frameworks";
			runOnlyForDeploymentPostprocessing = 0;
		};
/* End PBXCopyFilesBuildPhase section */

/* Begin PBXFileReference section */
		965F57651B60F12300C8360B /* Base */ = {isa = PBXFileReference; lastKnownFileType = file.xib; name = Base; path = BeatMachine/Base.lproj/LaunchScreen.xib; sourceTree = SOURCE_ROOT; };
		965F57671B60F12300C8360B /* Base */ = {isa = PBXFileReference; lastKnownFileType = file.storyboard; name = Base; path = BeatMachine/Base.lproj/Main.storyboard; sourceTree = SOURCE_ROOT; };
		96A041D71B623518006A552E /* SLMath.swift */ = {isa = PBXFileReference; fileEncoding = 4; lastKnownFileType = sourcecode.swift; name = SLMath.swift; path = ../Framework/Syncopate/Syncopate/SLMath.swift; sourceTree = "<group>"; };
		96A041D81B623518006A552E /* SLMetronome.swift */ = {isa = PBXFileReference; fileEncoding = 4; lastKnownFileType = sourcecode.swift; name = SLMetronome.swift; path = ../Framework/Syncopate/Syncopate/SLMetronome.swift; sourceTree = "<group>"; };
		96A041D91B623518006A552E /* SLPatternManager.swift */ = {isa = PBXFileReference; fileEncoding = 4; lastKnownFileType = sourcecode.swift; name = SLPatternManager.swift; path = ../Framework/Syncopate/Syncopate/SLPatternManager.swift; sourceTree = "<group>"; };
		96A041DA1B623518006A552E /* SLSampleManager.swift */ = {isa = PBXFileReference; fileEncoding = 4; lastKnownFileType = sourcecode.swift; name = SLSampleManager.swift; path = ../Framework/Syncopate/Syncopate/SLSampleManager.swift; sourceTree = "<group>"; };
		96A041DB1B623518006A552E /* SLTickDiffuser.swift */ = {isa = PBXFileReference; fileEncoding = 4; lastKnownFileType = sourcecode.swift; name = SLTickDiffuser.swift; path = ../Framework/Syncopate/Syncopate/SLTickDiffuser.swift; sourceTree = "<group>"; };
		96A041DC1B623518006A552E /* SLTicker.swift */ = {isa = PBXFileReference; fileEncoding = 4; lastKnownFileType = sourcecode.swift; name = SLTicker.swift; path = ../Framework/Syncopate/Syncopate/SLTicker.swift; sourceTree = "<group>"; };
		96A041DD1B623518006A552E /* SLSamplePlayer.swift */ = {isa = PBXFileReference; fileEncoding = 4; lastKnownFileType = sourcecode.swift; name = SLSamplePlayer.swift; path = ../Framework/Syncopate/Syncopate/SLSamplePlayer.swift; sourceTree = "<group>"; };
		96A041DE1B623518006A552E /* SLStateChangeListener.swift */ = {isa = PBXFileReference; fileEncoding = 4; lastKnownFileType = sourcecode.swift; name = SLStateChangeListener.swift; path = ../Framework/Syncopate/Syncopate/SLStateChangeListener.swift; sourceTree = "<group>"; };
		96A041DF1B623518006A552E /* SLStateChanger.swift */ = {isa = PBXFileReference; fileEncoding = 4; lastKnownFileType = sourcecode.swift; name = SLStateChanger.swift; path = ../Framework/Syncopate/Syncopate/SLStateChanger.swift; sourceTree = "<group>"; };
		96A041E01B623518006A552E /* SLTickReceiver.swift */ = {isa = PBXFileReference; fileEncoding = 4; lastKnownFileType = sourcecode.swift; name = SLTickReceiver.swift; path = ../Framework/Syncopate/Syncopate/SLTickReceiver.swift; sourceTree = "<group>"; };
		96A041E11B623518006A552E /* SLPattern.swift */ = {isa = PBXFileReference; fileEncoding = 4; lastKnownFileType = sourcecode.swift; name = SLPattern.swift; path = ../Framework/Syncopate/Syncopate/SLPattern.swift; sourceTree = "<group>"; };
		96DD29091AE94D0E00768463 /* BeatMachine.app */ = {isa = PBXFileReference; explicitFileType = wrapper.application; includeInIndex = 0; path = BeatMachine.app; sourceTree = BUILT_PRODUCTS_DIR; };
		96E467F81B60DE03005E126E /* ALAudioPlayer.h */ = {isa = PBXFileReference; fileEncoding = 4; lastKnownFileType = sourcecode.c.h; name = ALAudioPlayer.h; path = BeatMachine/ALAudioPlayer.h; sourceTree = SOURCE_ROOT; };
		96E467F91B60DE03005E126E /* ALAudioPlayer.m */ = {isa = PBXFileReference; fileEncoding = 4; lastKnownFileType = sourcecode.c.objc; name = ALAudioPlayer.m; path = BeatMachine/ALAudioPlayer.m; sourceTree = SOURCE_ROOT; };
		96E467FA1B60DE03005E126E /* AppDelegate.swift */ = {isa = PBXFileReference; fileEncoding = 4; lastKnownFileType = sourcecode.swift; name = AppDelegate.swift; path = BeatMachine/AppDelegate.swift; sourceTree = SOURCE_ROOT; };
		96E467FC1B60DE03005E126E /* BeatMachine-Bridging-Header.h */ = {isa = PBXFileReference; fileEncoding = 4; lastKnownFileType = sourcecode.c.h; name = "BeatMachine-Bridging-Header.h"; path = "BeatMachine/BeatMachine-Bridging-Header.h"; sourceTree = SOURCE_ROOT; };
		96E467FD1B60DE03005E126E /* clav.caf */ = {isa = PBXFileReference; lastKnownFileType = file; name = clav.caf; path = BeatMachine/clav.caf; sourceTree = SOURCE_ROOT; };
		96E467FE1B60DE03005E126E /* cowbell.caf */ = {isa = PBXFileReference; lastKnownFileType = file; name = cowbell.caf; path = BeatMachine/cowbell.caf; sourceTree = SOURCE_ROOT; };
		96E467FF1B60DE03005E126E /* hat_closed.caf */ = {isa = PBXFileReference; lastKnownFileType = file; name = hat_closed.caf; path = BeatMachine/hat_closed.caf; sourceTree = SOURCE_ROOT; };
		96E468001B60DE03005E126E /* hat_open.caf */ = {isa = PBXFileReference; lastKnownFileType = file; name = hat_open.caf; path = BeatMachine/hat_open.caf; sourceTree = SOURCE_ROOT; };
		96E468011B60DE03005E126E /* Images.xcassets */ = {isa = PBXFileReference; lastKnownFileType = folder.assetcatalog; name = Images.xcassets; path = BeatMachine/Images.xcassets; sourceTree = SOURCE_ROOT; };
		96E468021B60DE03005E126E /* Info.plist */ = {isa = PBXFileReference; fileEncoding = 4; lastKnownFileType = text.plist.xml; name = Info.plist; path = BeatMachine/Info.plist; sourceTree = SOURCE_ROOT; };
		96E468031B60DE03005E126E /* kick.caf */ = {isa = PBXFileReference; lastKnownFileType = file; name = kick.caf; path = BeatMachine/kick.caf; sourceTree = SOURCE_ROOT; };
		96E468041B60DE03005E126E /* SLCheckBox.swift */ = {isa = PBXFileReference; fileEncoding = 4; lastKnownFileType = sourcecode.swift; name = SLCheckBox.swift; path = BeatMachine/SLCheckBox.swift; sourceTree = SOURCE_ROOT; };
		96E468051B60DE03005E126E /* SLSequenceTrain.swift */ = {isa = PBXFileReference; fileEncoding = 4; lastKnownFileType = sourcecode.swift; name = SLSequenceTrain.swift; path = BeatMachine/SLSequenceTrain.swift; sourceTree = SOURCE_ROOT; };
		96E468061B60DE03005E126E /* SLSequenceTrain.xib */ = {isa = PBXFileReference; fileEncoding = 4; lastKnownFileType = file.xib; name = SLSequenceTrain.xib; path = BeatMachine/SLSequenceTrain.xib; sourceTree = SOURCE_ROOT; };
		96E468071B60DE03005E126E /* snare.caf */ = {isa = PBXFileReference; lastKnownFileType = file; name = snare.caf; path = BeatMachine/snare.caf; sourceTree = SOURCE_ROOT; };
		96E468081B60DE03005E126E /* tom_hi.caf */ = {isa = PBXFileReference; lastKnownFileType = file; name = tom_hi.caf; path = BeatMachine/tom_hi.caf; sourceTree = SOURCE_ROOT; };
		96E468091B60DE03005E126E /* tom_low.caf */ = {isa = PBXFileReference; lastKnownFileType = file; name = tom_low.caf; path = BeatMachine/tom_low.caf; sourceTree = SOURCE_ROOT; };
		96E4680A1B60DE03005E126E /* ViewController.swift */ = {isa = PBXFileReference; fileEncoding = 4; lastKnownFileType = sourcecode.swift; name = ViewController.swift; path = BeatMachine/ViewController.swift; sourceTree = SOURCE_ROOT; };
		96E83D091AEA855500C886CD /* OpenAL.framework */ = {isa = PBXFileReference; lastKnownFileType = wrapper.framework; name = OpenAL.framework; path = System/Library/Frameworks/OpenAL.framework; sourceTree = SDKROOT; };
		96E83D0B1AEA855C00C886CD /* AudioToolbox.framework */ = {isa = PBXFileReference; lastKnownFileType = wrapper.framework; name = AudioToolbox.framework; path = System/Library/Frameworks/AudioToolbox.framework; sourceTree = SDKROOT; };
/* End PBXFileReference section */

/* Begin PBXFrameworksBuildPhase section */
		96DD29061AE94D0E00768463 /* Frameworks */ = {
			isa = PBXFrameworksBuildPhase;
			buildActionMask = 2147483647;
			files = (
				96E83D0C1AEA855C00C886CD /* AudioToolbox.framework in Frameworks */,
				96E83D0A1AEA855500C886CD /* OpenAL.framework in Frameworks */,
			);
			runOnlyForDeploymentPostprocessing = 0;
		};
/* End PBXFrameworksBuildPhase section */

/* Begin PBXGroup section */
		9672EBDC1B62275100D916B7 /* Frameworks */ = {
			isa = PBXGroup;
			children = (
				96A041D61B623508006A552E /* Syncopate */,
				96E83D091AEA855500C886CD /* OpenAL.framework */,
				96E83D0B1AEA855C00C886CD /* AudioToolbox.framework */,
			);
			name = Frameworks;
			sourceTree = "<group>";
		};
		96A041D61B623508006A552E /* Syncopate */ = {
			isa = PBXGroup;
			children = (
				96A041D71B623518006A552E /* SLMath.swift */,
				96A041D81B623518006A552E /* SLMetronome.swift */,
				96A041D91B623518006A552E /* SLPatternManager.swift */,
				96A041DA1B623518006A552E /* SLSampleManager.swift */,
				96A041DB1B623518006A552E /* SLTickDiffuser.swift */,
				96A041DC1B623518006A552E /* SLTicker.swift */,
				96A041DD1B623518006A552E /* SLSamplePlayer.swift */,
				96A041DE1B623518006A552E /* SLStateChangeListener.swift */,
				96A041DF1B623518006A552E /* SLStateChanger.swift */,
				96A041E01B623518006A552E /* SLTickReceiver.swift */,
				96A041E11B623518006A552E /* SLPattern.swift */,
			);
			name = Syncopate;
			sourceTree = "<group>";
		};
		96C316061AEBC29B0023F8F8 /* UI */ = {
			isa = PBXGroup;
			children = (
				96E468041B60DE03005E126E /* SLCheckBox.swift */,
				96E468051B60DE03005E126E /* SLSequenceTrain.swift */,
				96E468061B60DE03005E126E /* SLSequenceTrain.xib */,
			);
			name = UI;
			sourceTree = "<group>";
		};
		96DD29001AE94D0E00768463 = {
			isa = PBXGroup;
			children = (
				9672EBDC1B62275100D916B7 /* Frameworks */,
				96DD290B1AE94D0E00768463 /* BeatMachine */,
				96DD290A1AE94D0E00768463 /* Products */,
			);
			sourceTree = "<group>";
		};
		96DD290A1AE94D0E00768463 /* Products */ = {
			isa = PBXGroup;
			children = (
				96DD29091AE94D0E00768463 /* BeatMachine.app */,
			);
			name = Products;
			sourceTree = "<group>";
		};
		96DD290B1AE94D0E00768463 /* BeatMachine */ = {
			isa = PBXGroup;
			children = (
				965F57641B60F12300C8360B /* LaunchScreen.xib */,
				965F57661B60F12300C8360B /* Main.storyboard */,
				96E467FA1B60DE03005E126E /* AppDelegate.swift */,
				96E467FC1B60DE03005E126E /* BeatMachine-Bridging-Header.h */,
				96E468011B60DE03005E126E /* Images.xcassets */,
				96E468021B60DE03005E126E /* Info.plist */,
				96E4680A1B60DE03005E126E /* ViewController.swift */,
				96E467F61B60DDB5005E126E /* Audio Playback */,
				96C316061AEBC29B0023F8F8 /* UI */,
				96DD290C1AE94D0E00768463 /* Supporting Files */,
			);
			name = BeatMachine;
			path = SimpleSampler;
			sourceTree = "<group>";
		};
		96DD290C1AE94D0E00768463 /* Supporting Files */ = {
			isa = PBXGroup;
			children = (
				96E644921B5CD19600DBF985 /* Audio */,
			);
			name = "Supporting Files";
			sourceTree = "<group>";
		};
		96E467F61B60DDB5005E126E /* Audio Playback */ = {
			isa = PBXGroup;
			children = (
				96E467F81B60DE03005E126E /* ALAudioPlayer.h */,
				96E467F91B60DE03005E126E /* ALAudioPlayer.m */,
			);
			name = "Audio Playback";
			sourceTree = "<group>";
		};
		96E644921B5CD19600DBF985 /* Audio */ = {
			isa = PBXGroup;
			children = (
				96E468071B60DE03005E126E /* snare.caf */,
				96E467FD1B60DE03005E126E /* clav.caf */,
				96E467FE1B60DE03005E126E /* cowbell.caf */,
				96E467FF1B60DE03005E126E /* hat_closed.caf */,
				96E468001B60DE03005E126E /* hat_open.caf */,
				96E468031B60DE03005E126E /* kick.caf */,
				96E468081B60DE03005E126E /* tom_hi.caf */,
				96E468091B60DE03005E126E /* tom_low.caf */,
			);
			name = Audio;
			sourceTree = "<group>";
		};
/* End PBXGroup section */

/* Begin PBXNativeTarget section */
		96DD29081AE94D0E00768463 /* BeatMachine */ = {
			isa = PBXNativeTarget;
			buildConfigurationList = 96DD29281AE94D0E00768463 /* Build configuration list for PBXNativeTarget "BeatMachine" */;
			buildPhases = (
				96DD29051AE94D0E00768463 /* Sources */,
				96DD29061AE94D0E00768463 /* Frameworks */,
				96DD29071AE94D0E00768463 /* Resources */,
				960AD2CB1B60D60700F01451 /* Embed Frameworks */,
			);
			buildRules = (
			);
			dependencies = (
			);
			name = BeatMachine;
			productName = SimpleSampler;
			productReference = 96DD29091AE94D0E00768463 /* BeatMachine.app */;
			productType = "com.apple.product-type.application";
		};
/* End PBXNativeTarget section */

/* Begin PBXProject section */
		96DD29011AE94D0E00768463 /* Project object */ = {
			isa = PBXProject;
			attributes = {
				LastUpgradeCheck = 0640;
				ORGANIZATIONNAME = "Sam Ludford";
				TargetAttributes = {
					96DD29081AE94D0E00768463 = {
						CreatedOnToolsVersion = 6.3.1;
						DevelopmentTeam = L26392P8M5;
					};
				};
			};
			buildConfigurationList = 96DD29041AE94D0E00768463 /* Build configuration list for PBXProject "BeatMachine" */;
			compatibilityVersion = "Xcode 3.2";
			developmentRegion = English;
			hasScannedForEncodings = 0;
			knownRegions = (
				en,
				Base,
			);
			mainGroup = 96DD29001AE94D0E00768463;
			productRefGroup = 96DD290A1AE94D0E00768463 /* Products */;
			projectDirPath = "";
			projectRoot = "";
			targets = (
				96DD29081AE94D0E00768463 /* BeatMachine */,
			);
		};
/* End PBXProject section */

/* Begin PBXResourcesBuildPhase section */
		96DD29071AE94D0E00768463 /* Resources */ = {
			isa = PBXResourcesBuildPhase;
			buildActionMask = 2147483647;
			files = (
				96E468141B60DE03005E126E /* kick.caf in Resources */,
				96E4681A1B60DE03005E126E /* tom_low.caf in Resources */,
				96E4680E1B60DE03005E126E /* clav.caf in Resources */,
				96E468121B60DE03005E126E /* Images.xcassets in Resources */,
				96E468111B60DE03005E126E /* hat_open.caf in Resources */,
				96E468171B60DE03005E126E /* SLSequenceTrain.xib in Resources */,
				965F57691B60F12300C8360B /* Main.storyboard in Resources */,
				96E468101B60DE03005E126E /* hat_closed.caf in Resources */,
				965F57681B60F12300C8360B /* LaunchScreen.xib in Resources */,
				96E4680F1B60DE03005E126E /* cowbell.caf in Resources */,
				96E468191B60DE03005E126E /* tom_hi.caf in Resources */,
				96E468181B60DE03005E126E /* snare.caf in Resources */,
			);
			runOnlyForDeploymentPostprocessing = 0;
		};
/* End PBXResourcesBuildPhase section */

/* Begin PBXSourcesBuildPhase section */
		96DD29051AE94D0E00768463 /* Sources */ = {
			isa = PBXSourcesBuildPhase;
			buildActionMask = 2147483647;
			files = (
				96E4681B1B60DE03005E126E /* ViewController.swift in Sources */,
				96A041E91B623518006A552E /* SLStateChangeListener.swift in Sources */,
				96A041E81B623518006A552E /* SLSamplePlayer.swift in Sources */,
				96A041EB1B623518006A552E /* SLTickReceiver.swift in Sources */,
				96A041E51B623518006A552E /* SLSampleManager.swift in Sources */,
				96A041E41B623518006A552E /* SLPatternManager.swift in Sources */,
				96A041E61B623518006A552E /* SLTickDiffuser.swift in Sources */,
				96A041EC1B623518006A552E /* SLPattern.swift in Sources */,
				96A041E31B623518006A552E /* SLMetronome.swift in Sources */,
				96E4680C1B60DE03005E126E /* AppDelegate.swift in Sources */,
				96E4680B1B60DE03005E126E /* ALAudioPlayer.m in Sources */,
				96A041EA1B623518006A552E /* SLStateChanger.swift in Sources */,
				96E468161B60DE03005E126E /* SLSequenceTrain.swift in Sources */,
				96A041E21B623518006A552E /* SLMath.swift in Sources */,
				96A041E71B623518006A552E /* SLTicker.swift in Sources */,
				96E468151B60DE03005E126E /* SLCheckBox.swift in Sources */,
			);
			runOnlyForDeploymentPostprocessing = 0;
		};
/* End PBXSourcesBuildPhase section */

/* Begin PBXVariantGroup section */
		965F57641B60F12300C8360B /* LaunchScreen.xib */ = {
			isa = PBXVariantGroup;
			children = (
				965F57651B60F12300C8360B /* Base */,
			);
			name = LaunchScreen.xib;
			sourceTree = "<group>";
		};
		965F57661B60F12300C8360B /* Main.storyboard */ = {
			isa = PBXVariantGroup;
			children = (
				965F57671B60F12300C8360B /* Base */,
			);
			name = Main.storyboard;
			sourceTree = "<group>";
		};
/* End PBXVariantGroup section */

/* Begin XCBuildConfiguration section */
		96DD29261AE94D0E00768463 /* Debug */ = {
			isa = XCBuildConfiguration;
			buildSettings = {
				ALWAYS_SEARCH_USER_PATHS = NO;
				CLANG_CXX_LANGUAGE_STANDARD = "gnu++0x";
				CLANG_CXX_LIBRARY = "libc++";
				CLANG_ENABLE_MODULES = YES;
				CLANG_ENABLE_OBJC_ARC = YES;
				CLANG_WARN_BOOL_CONVERSION = YES;
				CLANG_WARN_CONSTANT_CONVERSION = YES;
				CLANG_WARN_DIRECT_OBJC_ISA_USAGE = YES_ERROR;
				CLANG_WARN_EMPTY_BODY = YES;
				CLANG_WARN_ENUM_CONVERSION = YES;
				CLANG_WARN_INT_CONVERSION = YES;
				CLANG_WARN_OBJC_ROOT_CLASS = YES_ERROR;
				CLANG_WARN_UNREACHABLE_CODE = YES;
				CLANG_WARN__DUPLICATE_METHOD_MATCH = YES;
				"CODE_SIGN_IDENTITY[sdk=iphoneos*]" = "iPhone Developer";
				COPY_PHASE_STRIP = NO;
				DEBUG_INFORMATION_FORMAT = "dwarf-with-dsym";
				DEFINES_MODULE = YES;
				ENABLE_STRICT_OBJC_MSGSEND = YES;
				GCC_C_LANGUAGE_STANDARD = gnu99;
				GCC_DYNAMIC_NO_PIC = NO;
				GCC_NO_COMMON_BLOCKS = YES;
				GCC_OPTIMIZATION_LEVEL = 0;
				GCC_PREPROCESSOR_DEFINITIONS = (
					"DEBUG=1",
					"$(inherited)",
				);
				GCC_SYMBOLS_PRIVATE_EXTERN = NO;
				GCC_WARN_64_TO_32_BIT_CONVERSION = YES;
				GCC_WARN_ABOUT_RETURN_TYPE = YES_ERROR;
				GCC_WARN_UNDECLARED_SELECTOR = YES;
				GCC_WARN_UNINITIALIZED_AUTOS = YES_AGGRESSIVE;
				GCC_WARN_UNUSED_FUNCTION = YES;
				GCC_WARN_UNUSED_VARIABLE = YES;
				IPHONEOS_DEPLOYMENT_TARGET = 8.3;
				MTL_ENABLE_DEBUG_INFO = YES;
				ONLY_ACTIVE_ARCH = YES;
				SDKROOT = iphoneos;
				SWIFT_OPTIMIZATION_LEVEL = "-Onone";
				TARGETED_DEVICE_FAMILY = "1,2";
			};
			name = Debug;
		};
		96DD29271AE94D0E00768463 /* Release */ = {
			isa = XCBuildConfiguration;
			buildSettings = {
				ALWAYS_SEARCH_USER_PATHS = NO;
				CLANG_CXX_LANGUAGE_STANDARD = "gnu++0x";
				CLANG_CXX_LIBRARY = "libc++";
				CLANG_ENABLE_MODULES = YES;
				CLANG_ENABLE_OBJC_ARC = YES;
				CLANG_WARN_BOOL_CONVERSION = YES;
				CLANG_WARN_CONSTANT_CONVERSION = YES;
				CLANG_WARN_DIRECT_OBJC_ISA_USAGE = YES_ERROR;
				CLANG_WARN_EMPTY_BODY = YES;
				CLANG_WARN_ENUM_CONVERSION = YES;
				CLANG_WARN_INT_CONVERSION = YES;
				CLANG_WARN_OBJC_ROOT_CLASS = YES_ERROR;
				CLANG_WARN_UNREACHABLE_CODE = YES;
				CLANG_WARN__DUPLICATE_METHOD_MATCH = YES;
				"CODE_SIGN_IDENTITY[sdk=iphoneos*]" = "iPhone Developer";
				COPY_PHASE_STRIP = NO;
				DEBUG_INFORMATION_FORMAT = "dwarf-with-dsym";
				DEFINES_MODULE = YES;
				ENABLE_NS_ASSERTIONS = NO;
				ENABLE_STRICT_OBJC_MSGSEND = YES;
				GCC_C_LANGUAGE_STANDARD = gnu99;
				GCC_NO_COMMON_BLOCKS = YES;
				GCC_WARN_64_TO_32_BIT_CONVERSION = YES;
				GCC_WARN_ABOUT_RETURN_TYPE = YES_ERROR;
				GCC_WARN_UNDECLARED_SELECTOR = YES;
				GCC_WARN_UNINITIALIZED_AUTOS = YES_AGGRESSIVE;
				GCC_WARN_UNUSED_FUNCTION = YES;
				GCC_WARN_UNUSED_VARIABLE = YES;
				IPHONEOS_DEPLOYMENT_TARGET = 8.3;
				MTL_ENABLE_DEBUG_INFO = NO;
				SDKROOT = iphoneos;
				TARGETED_DEVICE_FAMILY = "1,2";
				VALIDATE_PRODUCT = YES;
			};
			name = Release;
		};
		96DD29291AE94D0E00768463 /* Debug */ = {
			isa = XCBuildConfiguration;
			buildSettings = {
				ASSETCATALOG_COMPILER_APPICON_NAME = AppIcon;
				CLANG_ENABLE_MODULES = YES;
				CODE_SIGN_IDENTITY = "iPhone Developer: Sam Ludford (M3X46BGRU4)";
				"CODE_SIGN_IDENTITY[sdk=iphoneos*]" = "iPhone Developer";
				DEFINES_MODULE = YES;
				EMBEDDED_CONTENT_CONTAINS_SWIFT = NO;
				FRAMEWORK_SEARCH_PATHS = (
					"$(inherited)",
					"$(PROJECT_DIR)",
				);
				INFOPLIST_FILE = "$(SRCROOT)/BeatMachine/Info.plist";
				IPHONEOS_DEPLOYMENT_TARGET = 8.0;
				LD_RUNPATH_SEARCH_PATHS = "$(inherited) @executable_path/Frameworks";
				PRODUCT_NAME = BeatMachine;
				PROVISIONING_PROFILE = "";
				SWIFT_OBJC_BRIDGING_HEADER = "BeatMachine/BeatMachine-Bridging-Header.h";
				SWIFT_OPTIMIZATION_LEVEL = "-Onone";
			};
			name = Debug;
		};
		96DD292A1AE94D0E00768463 /* Release */ = {
			isa = XCBuildConfiguration;
			buildSettings = {
				ASSETCATALOG_COMPILER_APPICON_NAME = AppIcon;
				CLANG_ENABLE_MODULES = YES;
				CODE_SIGN_IDENTITY = "iPhone Developer: Sam Ludford (M3X46BGRU4)";
				"CODE_SIGN_IDENTITY[sdk=iphoneos*]" = "iPhone Developer";
				DEFINES_MODULE = YES;
				EMBEDDED_CONTENT_CONTAINS_SWIFT = NO;
				FRAMEWORK_SEARCH_PATHS = (
					"$(inherited)",
					"$(PROJECT_DIR)",
				);
				INFOPLIST_FILE = "$(SRCROOT)/BeatMachine/Info.plist";
				IPHONEOS_DEPLOYMENT_TARGET = 8.0;
				LD_RUNPATH_SEARCH_PATHS = "$(inherited) @executable_path/Frameworks";
				PRODUCT_NAME = BeatMachine;
				PROVISIONING_PROFILE = "";
				SWIFT_OBJC_BRIDGING_HEADER = "BeatMachine/BeatMachine-Bridging-Header.h";
			};
			name = Release;
		};
/* End XCBuildConfiguration section */

/* Begin XCConfigurationList section */
		96DD29041AE94D0E00768463 /* Build configuration list for PBXProject "BeatMachine" */ = {
			isa = XCConfigurationList;
			buildConfigurations = (
				96DD29261AE94D0E00768463 /* Debug */,
				96DD29271AE94D0E00768463 /* Release */,
			);
			defaultConfigurationIsVisible = 0;
			defaultConfigurationName = Release;
		};
		96DD29281AE94D0E00768463 /* Build configuration list for PBXNativeTarget "BeatMachine" */ = {
			isa = XCConfigurationList;
			buildConfigurations = (
				96DD29291AE94D0E00768463 /* Debug */,
				96DD292A1AE94D0E00768463 /* Release */,
			);
			defaultConfigurationIsVisible = 0;
			defaultConfigurationName = Release;
		};
/* End XCConfigurationList section */
	};
	rootObject = 96DD29011AE94D0E00768463 /* Project object */;
}
